// !$*UTF8*$!
{
	archiveVersion = 1;
	classes = {
	};
	objectVersion = 77;
	objects = {

/* Begin PBXBuildFile section */
		2D679B226262EF1F89F22923 /* Pods_Iconik_Employee.framework in Frameworks */ = {isa = PBXBuildFile; fileRef = E3125D8D4D4D61B91C13D193 /* Pods_Iconik_Employee.framework */; };
		C317FA8A2DD8340A00937E35 /* SwiftAnthropic in Frameworks */ = {isa = PBXBuildFile; productRef = C317FA892DD8340A00937E35 /* SwiftAnthropic */; };
		C3B8E9752DC7D5080014357D /* Metal.framework in Frameworks */ = {isa = PBXBuildFile; fileRef = C3B8E9742DC7D5080014357D /* Metal.framework */; };
/* End PBXBuildFile section */

/* Begin PBXContainerItemProxy section */
		C389746D2D74DAD000F75F9F /* PBXContainerItemProxy */ = {
			isa = PBXContainerItemProxy;
			containerPortal = C38974522D74DACE00F75F9F /* Project object */;
			proxyType = 1;
			remoteGlobalIDString = C38974592D74DACE00F75F9F;
			remoteInfo = "Iconik Employee";
		};
		C38974772D74DAD000F75F9F /* PBXContainerItemProxy */ = {
			isa = PBXContainerItemProxy;
			containerPortal = C38974522D74DACE00F75F9F /* Project object */;
			proxyType = 1;
			remoteGlobalIDString = C38974592D74DACE00F75F9F;
			remoteInfo = "Iconik Employee";
		};
/* End PBXContainerItemProxy section */

/* Begin PBXFileReference section */
		65FEFC3AA0B4E2C4587B21F3 /* Pods-Iconik Employee.release.xcconfig */ = {isa = PBXFileReference; includeInIndex = 1; lastKnownFileType = text.xcconfig; name = "Pods-Iconik Employee.release.xcconfig"; path = "Target Support Files/Pods-Iconik Employee/Pods-Iconik Employee.release.xcconfig"; sourceTree = "<group>"; };
		C389745A2D74DACE00F75F9F /* Iconik Employee.app */ = {isa = PBXFileReference; explicitFileType = wrapper.application; includeInIndex = 0; path = "Iconik Employee.app"; sourceTree = BUILT_PRODUCTS_DIR; };
		C389746C2D74DAD000F75F9F /* Iconik EmployeeTests.xctest */ = {isa = PBXFileReference; explicitFileType = wrapper.cfbundle; includeInIndex = 0; path = "Iconik EmployeeTests.xctest"; sourceTree = BUILT_PRODUCTS_DIR; };
		C38974762D74DAD000F75F9F /* Iconik EmployeeUITests.xctest */ = {isa = PBXFileReference; explicitFileType = wrapper.cfbundle; includeInIndex = 0; path = "Iconik EmployeeUITests.xctest"; sourceTree = BUILT_PRODUCTS_DIR; };
		C3B8E5AD2D81229A0014357D /* FirebaseMessaging.framework */ = {isa = PBXFileReference; explicitFileType = wrapper.framework; path = FirebaseMessaging.framework; sourceTree = BUILT_PRODUCTS_DIR; };
		C3B8E9742DC7D5080014357D /* Metal.framework */ = {isa = PBXFileReference; lastKnownFileType = wrapper.framework; name = Metal.framework; path = System/Library/Frameworks/Metal.framework; sourceTree = SDKROOT; };
		E3125D8D4D4D61B91C13D193 /* Pods_Iconik_Employee.framework */ = {isa = PBXFileReference; explicitFileType = wrapper.framework; includeInIndex = 0; path = Pods_Iconik_Employee.framework; sourceTree = BUILT_PRODUCTS_DIR; };
		F7AE2AD9BAB5993D1AB04E99 /* Pods-Iconik Employee.debug.xcconfig */ = {isa = PBXFileReference; includeInIndex = 1; lastKnownFileType = text.xcconfig; name = "Pods-Iconik Employee.debug.xcconfig"; path = "Target Support Files/Pods-Iconik Employee/Pods-Iconik Employee.debug.xcconfig"; sourceTree = "<group>"; };
/* End PBXFileReference section */

/* Begin PBXFileSystemSynchronizedRootGroup section */
		C389745C2D74DACE00F75F9F /* Iconik Employee */ = {
			isa = PBXFileSystemSynchronizedRootGroup;
			path = "Iconik Employee";
			sourceTree = "<group>";
		};
		C389746F2D74DAD000F75F9F /* Iconik EmployeeTests */ = {
			isa = PBXFileSystemSynchronizedRootGroup;
			path = "Iconik EmployeeTests";
			sourceTree = "<group>";
		};
		C38974792D74DAD000F75F9F /* Iconik EmployeeUITests */ = {
			isa = PBXFileSystemSynchronizedRootGroup;
			path = "Iconik EmployeeUITests";
			sourceTree = "<group>";
		};
/* End PBXFileSystemSynchronizedRootGroup section */

/* Begin PBXFrameworksBuildPhase section */
		C38974572D74DACE00F75F9F /* Frameworks */ = {
			isa = PBXFrameworksBuildPhase;
			buildActionMask = 2147483647;
			files = (
				C3B8E9752DC7D5080014357D /* Metal.framework in Frameworks */,
				C317FA8A2DD8340A00937E35 /* SwiftAnthropic in Frameworks */,
				2D679B226262EF1F89F22923 /* Pods_Iconik_Employee.framework in Frameworks */,
			);
			runOnlyForDeploymentPostprocessing = 0;
		};
		C38974692D74DAD000F75F9F /* Frameworks */ = {
			isa = PBXFrameworksBuildPhase;
			buildActionMask = 2147483647;
			files = (
			);
			runOnlyForDeploymentPostprocessing = 0;
		};
		C38974732D74DAD000F75F9F /* Frameworks */ = {
			isa = PBXFrameworksBuildPhase;
			buildActionMask = 2147483647;
			files = (
			);
			runOnlyForDeploymentPostprocessing = 0;
		};
/* End PBXFrameworksBuildPhase section */

/* Begin PBXGroup section */
		00E61A83016F9BE00270878F /* Frameworks */ = {
			isa = PBXGroup;
			children = (
				C3B8E9742DC7D5080014357D /* Metal.framework */,
				C3B8E5AD2D81229A0014357D /* FirebaseMessaging.framework */,
				E3125D8D4D4D61B91C13D193 /* Pods_Iconik_Employee.framework */,
			);
			name = Frameworks;
			sourceTree = "<group>";
		};
		14D4503A2F7BC571FF62F283 /* Pods */ = {
			isa = PBXGroup;
			children = (
				F7AE2AD9BAB5993D1AB04E99 /* Pods-Iconik Employee.debug.xcconfig */,
				65FEFC3AA0B4E2C4587B21F3 /* Pods-Iconik Employee.release.xcconfig */,
			);
			path = Pods;
			sourceTree = "<group>";
		};
		C38974512D74DACE00F75F9F = {
			isa = PBXGroup;
			children = (
				C389745C2D74DACE00F75F9F /* Iconik Employee */,
				C389746F2D74DAD000F75F9F /* Iconik EmployeeTests */,
				C38974792D74DAD000F75F9F /* Iconik EmployeeUITests */,
				C389745B2D74DACE00F75F9F /* Products */,
				14D4503A2F7BC571FF62F283 /* Pods */,
				00E61A83016F9BE00270878F /* Frameworks */,
			);
			sourceTree = "<group>";
		};
		C389745B2D74DACE00F75F9F /* Products */ = {
			isa = PBXGroup;
			children = (
				C389745A2D74DACE00F75F9F /* Iconik Employee.app */,
				C389746C2D74DAD000F75F9F /* Iconik EmployeeTests.xctest */,
				C38974762D74DAD000F75F9F /* Iconik EmployeeUITests.xctest */,
			);
			name = Products;
			sourceTree = "<group>";
		};
/* End PBXGroup section */

/* Begin PBXNativeTarget section */
		C38974592D74DACE00F75F9F /* Iconik Employee */ = {
			isa = PBXNativeTarget;
			buildConfigurationList = C38974802D74DAD000F75F9F /* Build configuration list for PBXNativeTarget "Iconik Employee" */;
			buildPhases = (
				F1BF7B9DF3756F4765C8FF1C /* [CP] Check Pods Manifest.lock */,
				C38974562D74DACE00F75F9F /* Sources */,
				C38974572D74DACE00F75F9F /* Frameworks */,
				C38974582D74DACE00F75F9F /* Resources */,
				3DCDF7C5F9B8A7020C78B6A5 /* [CP] Embed Pods Frameworks */,
			);
			buildRules = (
			);
			dependencies = (
			);
			fileSystemSynchronizedGroups = (
				C389745C2D74DACE00F75F9F /* Iconik Employee */,
			);
			name = "Iconik Employee";
			productName = "Iconik Employee";
			productReference = C389745A2D74DACE00F75F9F /* Iconik Employee.app */;
			productType = "com.apple.product-type.application";
		};
		C389746B2D74DAD000F75F9F /* Iconik EmployeeTests */ = {
			isa = PBXNativeTarget;
			buildConfigurationList = C38974832D74DAD000F75F9F /* Build configuration list for PBXNativeTarget "Iconik EmployeeTests" */;
			buildPhases = (
				C38974682D74DAD000F75F9F /* Sources */,
				C38974692D74DAD000F75F9F /* Frameworks */,
				C389746A2D74DAD000F75F9F /* Resources */,
			);
			buildRules = (
			);
			dependencies = (
				C389746E2D74DAD000F75F9F /* PBXTargetDependency */,
			);
			fileSystemSynchronizedGroups = (
				C389746F2D74DAD000F75F9F /* Iconik EmployeeTests */,
			);
			name = "Iconik EmployeeTests";
			productName = "Iconik EmployeeTests";
			productReference = C389746C2D74DAD000F75F9F /* Iconik EmployeeTests.xctest */;
			productType = "com.apple.product-type.bundle.unit-test";
		};
		C38974752D74DAD000F75F9F /* Iconik EmployeeUITests */ = {
			isa = PBXNativeTarget;
			buildConfigurationList = C38974862D74DAD000F75F9F /* Build configuration list for PBXNativeTarget "Iconik EmployeeUITests" */;
			buildPhases = (
				C38974722D74DAD000F75F9F /* Sources */,
				C38974732D74DAD000F75F9F /* Frameworks */,
				C38974742D74DAD000F75F9F /* Resources */,
			);
			buildRules = (
			);
			dependencies = (
				C38974782D74DAD000F75F9F /* PBXTargetDependency */,
			);
			fileSystemSynchronizedGroups = (
				C38974792D74DAD000F75F9F /* Iconik EmployeeUITests */,
			);
			name = "Iconik EmployeeUITests";
			productName = "Iconik EmployeeUITests";
			productReference = C38974762D74DAD000F75F9F /* Iconik EmployeeUITests.xctest */;
			productType = "com.apple.product-type.bundle.ui-testing";
		};
/* End PBXNativeTarget section */

/* Begin PBXProject section */
		C38974522D74DACE00F75F9F /* Project object */ = {
			isa = PBXProject;
			attributes = {
				BuildIndependentTargetsInParallel = 1;
				LastSwiftUpdateCheck = 1620;
				LastUpgradeCheck = 1620;
				TargetAttributes = {
					C38974592D74DACE00F75F9F = {
						CreatedOnToolsVersion = 16.2;
					};
					C389746B2D74DAD000F75F9F = {
						CreatedOnToolsVersion = 16.2;
						TestTargetID = C38974592D74DACE00F75F9F;
					};
					C38974752D74DAD000F75F9F = {
						CreatedOnToolsVersion = 16.2;
						TestTargetID = C38974592D74DACE00F75F9F;
					};
				};
			};
			buildConfigurationList = C38974552D74DACE00F75F9F /* Build configuration list for PBXProject "Iconik Employee" */;
			developmentRegion = en;
			hasScannedForEncodings = 0;
			knownRegions = (
				en,
				Base,
			);
			mainGroup = C38974512D74DACE00F75F9F;
			minimizedProjectReferenceProxies = 1;
			packageReferences = (
				C317FA802DD81AAE00937E35 /* XCRemoteSwiftPackageReference "SwiftAnthropic" */,
			);
			preferredProjectObjectVersion = 77;
			productRefGroup = C389745B2D74DACE00F75F9F /* Products */;
			projectDirPath = "";
			projectRoot = "";
			targets = (
				C38974592D74DACE00F75F9F /* Iconik Employee */,
				C389746B2D74DAD000F75F9F /* Iconik EmployeeTests */,
				C38974752D74DAD000F75F9F /* Iconik EmployeeUITests */,
			);
		};
/* End PBXProject section */

/* Begin PBXResourcesBuildPhase section */
		C38974582D74DACE00F75F9F /* Resources */ = {
			isa = PBXResourcesBuildPhase;
			buildActionMask = 2147483647;
			files = (
			);
			runOnlyForDeploymentPostprocessing = 0;
		};
		C389746A2D74DAD000F75F9F /* Resources */ = {
			isa = PBXResourcesBuildPhase;
			buildActionMask = 2147483647;
			files = (
			);
			runOnlyForDeploymentPostprocessing = 0;
		};
		C38974742D74DAD000F75F9F /* Resources */ = {
			isa = PBXResourcesBuildPhase;
			buildActionMask = 2147483647;
			files = (
			);
			runOnlyForDeploymentPostprocessing = 0;
		};
/* End PBXResourcesBuildPhase section */

/* Begin PBXShellScriptBuildPhase section */
		3DCDF7C5F9B8A7020C78B6A5 /* [CP] Embed Pods Frameworks */ = {
			isa = PBXShellScriptBuildPhase;
			buildActionMask = 2147483647;
			files = (
			);
			inputFileListPaths = (
				"${PODS_ROOT}/Target Support Files/Pods-Iconik Employee/Pods-Iconik Employee-frameworks-${CONFIGURATION}-input-files.xcfilelist",
			);
			name = "[CP] Embed Pods Frameworks";
			outputFileListPaths = (
				"${PODS_ROOT}/Target Support Files/Pods-Iconik Employee/Pods-Iconik Employee-frameworks-${CONFIGURATION}-output-files.xcfilelist",
			);
			runOnlyForDeploymentPostprocessing = 0;
			shellPath = /bin/sh;
			shellScript = "\"${PODS_ROOT}/Target Support Files/Pods-Iconik Employee/Pods-Iconik Employee-frameworks.sh\"\n";
			showEnvVarsInLog = 0;
		};
		F1BF7B9DF3756F4765C8FF1C /* [CP] Check Pods Manifest.lock */ = {
			isa = PBXShellScriptBuildPhase;
			buildActionMask = 2147483647;
			files = (
			);
			inputFileListPaths = (
			);
			inputPaths = (
				"${PODS_PODFILE_DIR_PATH}/Podfile.lock",
				"${PODS_ROOT}/Manifest.lock",
			);
			name = "[CP] Check Pods Manifest.lock";
			outputFileListPaths = (
			);
			outputPaths = (
				"$(DERIVED_FILE_DIR)/Pods-Iconik Employee-checkManifestLockResult.txt",
			);
			runOnlyForDeploymentPostprocessing = 0;
			shellPath = /bin/sh;
			shellScript = "diff \"${PODS_PODFILE_DIR_PATH}/Podfile.lock\" \"${PODS_ROOT}/Manifest.lock\" > /dev/null\nif [ $? != 0 ] ; then\n    # print error to STDERR\n    echo \"error: The sandbox is not in sync with the Podfile.lock. Run 'pod install' or update your CocoaPods installation.\" >&2\n    exit 1\nfi\n# This output is used by Xcode 'outputs' to avoid re-running this script phase.\necho \"SUCCESS\" > \"${SCRIPT_OUTPUT_FILE_0}\"\n";
			showEnvVarsInLog = 0;
		};
/* End PBXShellScriptBuildPhase section */

/* Begin PBXSourcesBuildPhase section */
		C38974562D74DACE00F75F9F /* Sources */ = {
			isa = PBXSourcesBuildPhase;
			buildActionMask = 2147483647;
			files = (
			);
			runOnlyForDeploymentPostprocessing = 0;
		};
		C38974682D74DAD000F75F9F /* Sources */ = {
			isa = PBXSourcesBuildPhase;
			buildActionMask = 2147483647;
			files = (
			);
			runOnlyForDeploymentPostprocessing = 0;
		};
		C38974722D74DAD000F75F9F /* Sources */ = {
			isa = PBXSourcesBuildPhase;
			buildActionMask = 2147483647;
			files = (
			);
			runOnlyForDeploymentPostprocessing = 0;
		};
/* End PBXSourcesBuildPhase section */

/* Begin PBXTargetDependency section */
		C389746E2D74DAD000F75F9F /* PBXTargetDependency */ = {
			isa = PBXTargetDependency;
			target = C38974592D74DACE00F75F9F /* Iconik Employee */;
			targetProxy = C389746D2D74DAD000F75F9F /* PBXContainerItemProxy */;
		};
		C38974782D74DAD000F75F9F /* PBXTargetDependency */ = {
			isa = PBXTargetDependency;
			target = C38974592D74DACE00F75F9F /* Iconik Employee */;
			targetProxy = C38974772D74DAD000F75F9F /* PBXContainerItemProxy */;
		};
/* End PBXTargetDependency section */

/* Begin XCBuildConfiguration section */
		C389747E2D74DAD000F75F9F /* Debug */ = {
			isa = XCBuildConfiguration;
			baseConfigurationReferenceAnchor = C389745C2D74DACE00F75F9F /* Iconik Employee */;
			baseConfigurationReferenceRelativePath = Config.xcconfig;
			buildSettings = {
				ALWAYS_SEARCH_USER_PATHS = NO;
				ASSETCATALOG_COMPILER_GENERATE_SWIFT_ASSET_SYMBOL_EXTENSIONS = YES;
				CLANG_ANALYZER_NONNULL = YES;
				CLANG_ANALYZER_NUMBER_OBJECT_CONVERSION = YES_AGGRESSIVE;
				CLANG_CXX_LANGUAGE_STANDARD = "gnu++20";
				CLANG_ENABLE_MODULES = YES;
				CLANG_ENABLE_OBJC_ARC = YES;
				CLANG_ENABLE_OBJC_WEAK = YES;
				CLANG_WARN_BLOCK_CAPTURE_AUTORELEASING = YES;
				CLANG_WARN_BOOL_CONVERSION = YES;
				CLANG_WARN_COMMA = YES;
				CLANG_WARN_CONSTANT_CONVERSION = YES;
				CLANG_WARN_DEPRECATED_OBJC_IMPLEMENTATIONS = YES;
				CLANG_WARN_DIRECT_OBJC_ISA_USAGE = YES_ERROR;
				CLANG_WARN_DOCUMENTATION_COMMENTS = YES;
				CLANG_WARN_EMPTY_BODY = YES;
				CLANG_WARN_ENUM_CONVERSION = YES;
				CLANG_WARN_INFINITE_RECURSION = YES;
				CLANG_WARN_INT_CONVERSION = YES;
				CLANG_WARN_NON_LITERAL_NULL_CONVERSION = YES;
				CLANG_WARN_OBJC_IMPLICIT_RETAIN_SELF = YES;
				CLANG_WARN_OBJC_LITERAL_CONVERSION = YES;
				CLANG_WARN_OBJC_ROOT_CLASS = YES_ERROR;
				CLANG_WARN_QUOTED_INCLUDE_IN_FRAMEWORK_HEADER = YES;
				CLANG_WARN_RANGE_LOOP_ANALYSIS = YES;
				CLANG_WARN_STRICT_PROTOTYPES = YES;
				CLANG_WARN_SUSPICIOUS_MOVE = YES;
				CLANG_WARN_UNGUARDED_AVAILABILITY = YES_AGGRESSIVE;
				CLANG_WARN_UNREACHABLE_CODE = YES;
				CLANG_WARN__DUPLICATE_METHOD_MATCH = YES;
				COPY_PHASE_STRIP = NO;
				DEBUG_INFORMATION_FORMAT = dwarf;
				ENABLE_STRICT_OBJC_MSGSEND = YES;
				ENABLE_TESTABILITY = YES;
				ENABLE_USER_SCRIPT_SANDBOXING = NO;
				GCC_C_LANGUAGE_STANDARD = gnu17;
				GCC_DYNAMIC_NO_PIC = NO;
				GCC_NO_COMMON_BLOCKS = YES;
				GCC_OPTIMIZATION_LEVEL = 0;
				GCC_PREPROCESSOR_DEFINITIONS = (
					"DEBUG=1",
					"$(inherited)",
				);
				GCC_WARN_64_TO_32_BIT_CONVERSION = YES;
				GCC_WARN_ABOUT_RETURN_TYPE = YES_ERROR;
				GCC_WARN_UNDECLARED_SELECTOR = YES;
				GCC_WARN_UNINITIALIZED_AUTOS = YES_AGGRESSIVE;
				GCC_WARN_UNUSED_FUNCTION = YES;
				GCC_WARN_UNUSED_VARIABLE = YES;
				IPHONEOS_DEPLOYMENT_TARGET = 16.6;
				LOCALIZATION_PREFERS_STRING_CATALOGS = YES;
				MTL_ENABLE_DEBUG_INFO = INCLUDE_SOURCE;
				MTL_FAST_MATH = YES;
				ONLY_ACTIVE_ARCH = YES;
				SDKROOT = iphoneos;
				SWIFT_ACTIVE_COMPILATION_CONDITIONS = "DEBUG $(inherited)";
				SWIFT_OPTIMIZATION_LEVEL = "-Onone";
			};
			name = Debug;
		};
		C389747F2D74DAD000F75F9F /* Release */ = {
			isa = XCBuildConfiguration;
			baseConfigurationReferenceAnchor = C389745C2D74DACE00F75F9F /* Iconik Employee */;
			baseConfigurationReferenceRelativePath = Config.xcconfig;
			buildSettings = {
				ALWAYS_SEARCH_USER_PATHS = NO;
				ASSETCATALOG_COMPILER_GENERATE_SWIFT_ASSET_SYMBOL_EXTENSIONS = YES;
				CLANG_ANALYZER_NONNULL = YES;
				CLANG_ANALYZER_NUMBER_OBJECT_CONVERSION = YES_AGGRESSIVE;
				CLANG_CXX_LANGUAGE_STANDARD = "gnu++20";
				CLANG_ENABLE_MODULES = YES;
				CLANG_ENABLE_OBJC_ARC = YES;
				CLANG_ENABLE_OBJC_WEAK = YES;
				CLANG_WARN_BLOCK_CAPTURE_AUTORELEASING = YES;
				CLANG_WARN_BOOL_CONVERSION = YES;
				CLANG_WARN_COMMA = YES;
				CLANG_WARN_CONSTANT_CONVERSION = YES;
				CLANG_WARN_DEPRECATED_OBJC_IMPLEMENTATIONS = YES;
				CLANG_WARN_DIRECT_OBJC_ISA_USAGE = YES_ERROR;
				CLANG_WARN_DOCUMENTATION_COMMENTS = YES;
				CLANG_WARN_EMPTY_BODY = YES;
				CLANG_WARN_ENUM_CONVERSION = YES;
				CLANG_WARN_INFINITE_RECURSION = YES;
				CLANG_WARN_INT_CONVERSION = YES;
				CLANG_WARN_NON_LITERAL_NULL_CONVERSION = YES;
				CLANG_WARN_OBJC_IMPLICIT_RETAIN_SELF = YES;
				CLANG_WARN_OBJC_LITERAL_CONVERSION = YES;
				CLANG_WARN_OBJC_ROOT_CLASS = YES_ERROR;
				CLANG_WARN_QUOTED_INCLUDE_IN_FRAMEWORK_HEADER = YES;
				CLANG_WARN_RANGE_LOOP_ANALYSIS = YES;
				CLANG_WARN_STRICT_PROTOTYPES = YES;
				CLANG_WARN_SUSPICIOUS_MOVE = YES;
				CLANG_WARN_UNGUARDED_AVAILABILITY = YES_AGGRESSIVE;
				CLANG_WARN_UNREACHABLE_CODE = YES;
				CLANG_WARN__DUPLICATE_METHOD_MATCH = YES;
				COPY_PHASE_STRIP = NO;
				DEBUG_INFORMATION_FORMAT = "dwarf-with-dsym";
				ENABLE_NS_ASSERTIONS = NO;
				ENABLE_STRICT_OBJC_MSGSEND = YES;
				ENABLE_USER_SCRIPT_SANDBOXING = NO;
				GCC_C_LANGUAGE_STANDARD = gnu17;
				GCC_NO_COMMON_BLOCKS = YES;
				GCC_WARN_64_TO_32_BIT_CONVERSION = YES;
				GCC_WARN_ABOUT_RETURN_TYPE = YES_ERROR;
				GCC_WARN_UNDECLARED_SELECTOR = YES;
				GCC_WARN_UNINITIALIZED_AUTOS = YES_AGGRESSIVE;
				GCC_WARN_UNUSED_FUNCTION = YES;
				GCC_WARN_UNUSED_VARIABLE = YES;
				IPHONEOS_DEPLOYMENT_TARGET = 16.6;
				LOCALIZATION_PREFERS_STRING_CATALOGS = YES;
				MTL_ENABLE_DEBUG_INFO = NO;
				MTL_FAST_MATH = YES;
				SDKROOT = iphoneos;
				SWIFT_COMPILATION_MODE = wholemodule;
				VALIDATE_PRODUCT = YES;
			};
			name = Release;
		};
		C38974812D74DAD000F75F9F /* Debug */ = {
			isa = XCBuildConfiguration;
			baseConfigurationReference = F7AE2AD9BAB5993D1AB04E99 /* Pods-Iconik Employee.debug.xcconfig */;
			buildSettings = {
				ASSETCATALOG_COMPILER_APPICON_NAME = AppIcon;
				ASSETCATALOG_COMPILER_GLOBAL_ACCENT_COLOR_NAME = AccentColor;
				CODE_SIGN_ENTITLEMENTS = "Iconik Employee/Iconik Employee.entitlements";
				CODE_SIGN_IDENTITY = "Apple Development";
				CODE_SIGN_STYLE = Automatic;
				CURRENT_PROJECT_VERSION = 33;
				DEVELOPMENT_ASSET_PATHS = "\"Iconik Employee/Preview Content\"";
				DEVELOPMENT_TEAM = H42FQ49589;
				ENABLE_PREVIEWS = YES;
				GENERATE_INFOPLIST_FILE = YES;
				INFOPLIST_FILE = "Iconik-Employee-Info.plist";
				INFOPLIST_KEY_CFBundleDisplayName = "";
				INFOPLIST_KEY_LSApplicationCategoryType = "public.app-category.utilities";
				INFOPLIST_KEY_NSCameraUsageDescription = "This app needs access to your camera to take photos for daily job reports.";
				INFOPLIST_KEY_NSLocationWhenInUseUsageDescription = "We need your location to provide accurate weather information for your area.";
				INFOPLIST_KEY_NSPhotoLibraryUsageDescription = "This app needs access to your photo library to attach photos to your daily job reports.";
				INFOPLIST_KEY_UIApplicationSceneManifest_Generation = YES;
				INFOPLIST_KEY_UIApplicationSupportsIndirectInputEvents = YES;
				INFOPLIST_KEY_UILaunchScreen_Generation = YES;
				INFOPLIST_KEY_UISupportedInterfaceOrientations = UIInterfaceOrientationPortrait;
				INFOPLIST_KEY_UISupportedInterfaceOrientations_iPad = "UIInterfaceOrientationLandscapeLeft UIInterfaceOrientationLandscapeRight UIInterfaceOrientationPortrait UIInterfaceOrientationPortraitUpsideDown";
				IPHONEOS_DEPLOYMENT_TARGET = 16.6;
				LD_RUNPATH_SEARCH_PATHS = (
					"$(inherited)",
					"@executable_path/Frameworks",
				);
				MARKETING_VERSION = 1.1;
				MTL_ENABLE_API_VALIDATION = NO;
				PRODUCT_BUNDLE_IDENTIFIER = "Iconik.Iconik-Employee";
				PRODUCT_NAME = "$(TARGET_NAME)";
				PROVISIONING_PROFILE_SPECIFIER = "";
				SWIFT_EMIT_LOC_STRINGS = YES;
				SWIFT_VERSION = 5.0;
				TARGETED_DEVICE_FAMILY = "1,2";
			};
			name = Debug;
		};
		C38974822D74DAD000F75F9F /* Release */ = {
			isa = XCBuildConfiguration;
			baseConfigurationReference = 65FEFC3AA0B4E2C4587B21F3 /* Pods-Iconik Employee.release.xcconfig */;
			buildSettings = {
				ASSETCATALOG_COMPILER_APPICON_NAME = AppIcon;
				ASSETCATALOG_COMPILER_GLOBAL_ACCENT_COLOR_NAME = AccentColor;
				CODE_SIGN_ENTITLEMENTS = "Iconik Employee/Iconik Employee.entitlements";
				CODE_SIGN_IDENTITY = "Apple Development";
				CODE_SIGN_STYLE = Automatic;
				CURRENT_PROJECT_VERSION = 33;
				DEVELOPMENT_ASSET_PATHS = "\"Iconik Employee/Preview Content\"";
				DEVELOPMENT_TEAM = H42FQ49589;
				ENABLE_PREVIEWS = YES;
				GENERATE_INFOPLIST_FILE = YES;
				INFOPLIST_FILE = "Iconik-Employee-Info.plist";
				INFOPLIST_KEY_CFBundleDisplayName = "";
				INFOPLIST_KEY_LSApplicationCategoryType = "public.app-category.utilities";
				INFOPLIST_KEY_NSCameraUsageDescription = "This app needs access to your camera to take photos for daily job reports.";
				INFOPLIST_KEY_NSLocationWhenInUseUsageDescription = "We need your location to provide accurate weather information for your area.";
				INFOPLIST_KEY_NSPhotoLibraryUsageDescription = "This app needs access to your photo library to attach photos to your daily job reports.";
				INFOPLIST_KEY_UIApplicationSceneManifest_Generation = YES;
				INFOPLIST_KEY_UIApplicationSupportsIndirectInputEvents = YES;
				INFOPLIST_KEY_UILaunchScreen_Generation = YES;
				INFOPLIST_KEY_UISupportedInterfaceOrientations = UIInterfaceOrientationPortrait;
				INFOPLIST_KEY_UISupportedInterfaceOrientations_iPad = "UIInterfaceOrientationLandscapeLeft UIInterfaceOrientationLandscapeRight UIInterfaceOrientationPortrait UIInterfaceOrientationPortraitUpsideDown";
				IPHONEOS_DEPLOYMENT_TARGET = 16.6;
				LD_RUNPATH_SEARCH_PATHS = (
					"$(inherited)",
					"@executable_path/Frameworks",
				);
				MARKETING_VERSION = 1.1;
				MTL_ENABLE_API_VALIDATION = NO;
				PRODUCT_BUNDLE_IDENTIFIER = "Iconik.Iconik-Employee";
				PRODUCT_NAME = "$(TARGET_NAME)";
				PROVISIONING_PROFILE_SPECIFIER = "";
				SWIFT_EMIT_LOC_STRINGS = YES;
				SWIFT_VERSION = 5.0;
				TARGETED_DEVICE_FAMILY = "1,2";
			};
			name = Release;
		};
		C38974842D74DAD000F75F9F /* Debug */ = {
			isa = XCBuildConfiguration;
			buildSettings = {
				BUNDLE_LOADER = "$(TEST_HOST)";
				CODE_SIGN_STYLE = Automatic;
				CURRENT_PROJECT_VERSION = 1;
				DEVELOPMENT_TEAM = H42FQ49589;
				GENERATE_INFOPLIST_FILE = YES;
				IPHONEOS_DEPLOYMENT_TARGET = 18.2;
				MARKETING_VERSION = 1.0;
				PRODUCT_BUNDLE_IDENTIFIER = "Iconik.Iconik-EmployeeTests";
				PRODUCT_NAME = "$(TARGET_NAME)";
				SWIFT_EMIT_LOC_STRINGS = NO;
				SWIFT_VERSION = 5.0;
				TARGETED_DEVICE_FAMILY = "1,2";
				TEST_HOST = "$(BUILT_PRODUCTS_DIR)/Iconik Employee.app/$(BUNDLE_EXECUTABLE_FOLDER_PATH)/Iconik Employee";
			};
			name = Debug;
		};
		C38974852D74DAD000F75F9F /* Release */ = {
			isa = XCBuildConfiguration;
			buildSettings = {
				BUNDLE_LOADER = "$(TEST_HOST)";
				CODE_SIGN_STYLE = Automatic;
				CURRENT_PROJECT_VERSION = 1;
				DEVELOPMENT_TEAM = H42FQ49589;
				GENERATE_INFOPLIST_FILE = YES;
				IPHONEOS_DEPLOYMENT_TARGET = 18.2;
				MARKETING_VERSION = 1.0;
				PRODUCT_BUNDLE_IDENTIFIER = "Iconik.Iconik-EmployeeTests";
				PRODUCT_NAME = "$(TARGET_NAME)";
				SWIFT_EMIT_LOC_STRINGS = NO;
				SWIFT_VERSION = 5.0;
				TARGETED_DEVICE_FAMILY = "1,2";
				TEST_HOST = "$(BUILT_PRODUCTS_DIR)/Iconik Employee.app/$(BUNDLE_EXECUTABLE_FOLDER_PATH)/Iconik Employee";
			};
			name = Release;
		};
		C38974872D74DAD000F75F9F /* Debug */ = {
			isa = XCBuildConfiguration;
			buildSettings = {
				CODE_SIGN_STYLE = Automatic;
				CURRENT_PROJECT_VERSION = 1;
				DEVELOPMENT_TEAM = H42FQ49589;
				GENERATE_INFOPLIST_FILE = YES;
				MARKETING_VERSION = 1.0;
				PRODUCT_BUNDLE_IDENTIFIER = "Iconik.Iconik-EmployeeUITests";
				PRODUCT_NAME = "$(TARGET_NAME)";
				SWIFT_EMIT_LOC_STRINGS = NO;
				SWIFT_VERSION = 5.0;
				TARGETED_DEVICE_FAMILY = "1,2";
				TEST_TARGET_NAME = "Iconik Employee";
			};
			name = Debug;
		};
		C38974882D74DAD000F75F9F /* Release */ = {
			isa = XCBuildConfiguration;
			buildSettings = {
				CODE_SIGN_STYLE = Automatic;
				CURRENT_PROJECT_VERSION = 1;
				DEVELOPMENT_TEAM = H42FQ49589;
				GENERATE_INFOPLIST_FILE = YES;
				MARKETING_VERSION = 1.0;
				PRODUCT_BUNDLE_IDENTIFIER = "Iconik.Iconik-EmployeeUITests";
				PRODUCT_NAME = "$(TARGET_NAME)";
				SWIFT_EMIT_LOC_STRINGS = NO;
				SWIFT_VERSION = 5.0;
				TARGETED_DEVICE_FAMILY = "1,2";
				TEST_TARGET_NAME = "Iconik Employee";
			};
			name = Release;
		};
/* End XCBuildConfiguration section */

/* Begin XCConfigurationList section */
		C38974552D74DACE00F75F9F /* Build configuration list for PBXProject "Iconik Employee" */ = {
			isa = XCConfigurationList;
			buildConfigurations = (
				C389747E2D74DAD000F75F9F /* Debug */,
				C389747F2D74DAD000F75F9F /* Release */,
			);
			defaultConfigurationIsVisible = 0;
			defaultConfigurationName = Release;
		};
		C38974802D74DAD000F75F9F /* Build configuration list for PBXNativeTarget "Iconik Employee" */ = {
			isa = XCConfigurationList;
			buildConfigurations = (
				C38974812D74DAD000F75F9F /* Debug */,
				C38974822D74DAD000F75F9F /* Release */,
			);
			defaultConfigurationIsVisible = 0;
			defaultConfigurationName = Release;
		};
		C38974832D74DAD000F75F9F /* Build configuration list for PBXNativeTarget "Iconik EmployeeTests" */ = {
			isa = XCConfigurationList;
			buildConfigurations = (
				C38974842D74DAD000F75F9F /* Debug */,
				C38974852D74DAD000F75F9F /* Release */,
			);
			defaultConfigurationIsVisible = 0;
			defaultConfigurationName = Release;
		};
		C38974862D74DAD000F75F9F /* Build configuration list for PBXNativeTarget "Iconik EmployeeUITests" */ = {
			isa = XCConfigurationList;
			buildConfigurations = (
				C38974872D74DAD000F75F9F /* Debug */,
				C38974882D74DAD000F75F9F /* Release */,
			);
			defaultConfigurationIsVisible = 0;
			defaultConfigurationName = Release;
		};
/* End XCConfigurationList section */

/* Begin XCRemoteSwiftPackageReference section */
		C317FA802DD81AAE00937E35 /* XCRemoteSwiftPackageReference "SwiftAnthropic" */ = {
			isa = XCRemoteSwiftPackageReference;
			repositoryURL = "https://github.com/jamesrochabrun/SwiftAnthropic";
			requirement = {
				kind = upToNextMajorVersion;
				minimumVersion = 1.4.0;
			};
		};
/* End XCRemoteSwiftPackageReference section */

/* Begin XCSwiftPackageProductDependency section */
		C317FA892DD8340A00937E35 /* SwiftAnthropic */ = {
			isa = XCSwiftPackageProductDependency;
			package = C317FA802DD81AAE00937E35 /* XCRemoteSwiftPackageReference "SwiftAnthropic" */;
			productName = SwiftAnthropic;
		};
/* End XCSwiftPackageProductDependency section */
	};
	rootObject = C38974522D74DACE00F75F9F /* Project object */;
}
